// !$*UTF8*$!
{
	archiveVersion = 1;
	classes = {
	};
	objectVersion = 50;
	objects = {

/* Begin PBXBuildFile section */
		ED209C082298049100B33289 /* AppDelegate.swift in Sources */ = {isa = PBXBuildFile; fileRef = ED209C072298049100B33289 /* AppDelegate.swift */; };
		ED209C0A2298049100B33289 /* ViewController.swift in Sources */ = {isa = PBXBuildFile; fileRef = ED209C092298049100B33289 /* ViewController.swift */; };
		ED209C0D2298049100B33289 /* Main.storyboard in Resources */ = {isa = PBXBuildFile; fileRef = ED209C0B2298049100B33289 /* Main.storyboard */; };
		ED209C0F2298049700B33289 /* Assets.xcassets in Resources */ = {isa = PBXBuildFile; fileRef = ED209C0E2298049700B33289 /* Assets.xcassets */; };
		ED209C122298049700B33289 /* LaunchScreen.storyboard in Resources */ = {isa = PBXBuildFile; fileRef = ED209C102298049700B33289 /* LaunchScreen.storyboard */; };
		ED209C1E2299867300B33289 /* bmiRecordViewController.swift in Sources */ = {isa = PBXBuildFile; fileRef = ED209C1D2299867300B33289 /* bmiRecordViewController.swift */; };
		ED209C202299938100B33289 /* bmiResultViewController.swift in Sources */ = {isa = PBXBuildFile; fileRef = ED209C1F2299938100B33289 /* bmiResultViewController.swift */; };
/* End PBXBuildFile section */

/* Begin PBXFileReference section */
		ED209C042298049100B33289 /* debuet.app */ = {isa = PBXFileReference; explicitFileType = wrapper.application; includeInIndex = 0; path = debuet.app; sourceTree = BUILT_PRODUCTS_DIR; };
		ED209C072298049100B33289 /* AppDelegate.swift */ = {isa = PBXFileReference; lastKnownFileType = sourcecode.swift; path = AppDelegate.swift; sourceTree = "<group>"; };
		ED209C092298049100B33289 /* ViewController.swift */ = {isa = PBXFileReference; lastKnownFileType = sourcecode.swift; path = ViewController.swift; sourceTree = "<group>"; };
		ED209C0C2298049100B33289 /* Base */ = {isa = PBXFileReference; lastKnownFileType = file.storyboard; name = Base; path = Base.lproj/Main.storyboard; sourceTree = "<group>"; };
		ED209C0E2298049700B33289 /* Assets.xcassets */ = {isa = PBXFileReference; lastKnownFileType = folder.assetcatalog; path = Assets.xcassets; sourceTree = "<group>"; };
		ED209C112298049700B33289 /* Base */ = {isa = PBXFileReference; lastKnownFileType = file.storyboard; name = Base; path = Base.lproj/LaunchScreen.storyboard; sourceTree = "<group>"; };
		ED209C132298049700B33289 /* Info.plist */ = {isa = PBXFileReference; lastKnownFileType = text.plist.xml; path = Info.plist; sourceTree = "<group>"; };
		ED209C1C229879D100B33289 /* debuet.entitlements */ = {isa = PBXFileReference; lastKnownFileType = text.plist.entitlements; path = debuet.entitlements; sourceTree = "<group>"; };
		ED209C1D2299867300B33289 /* bmiRecordViewController.swift */ = {isa = PBXFileReference; lastKnownFileType = sourcecode.swift; path = bmiRecordViewController.swift; sourceTree = "<group>"; };
		ED209C1F2299938100B33289 /* bmiResultViewController.swift */ = {isa = PBXFileReference; lastKnownFileType = sourcecode.swift; path = bmiResultViewController.swift; sourceTree = "<group>"; };
/* End PBXFileReference section */

/* Begin PBXFrameworksBuildPhase section */
		ED209C012298049100B33289 /* Frameworks */ = {
			isa = PBXFrameworksBuildPhase;
			buildActionMask = 2147483647;
			files = (
			);
			runOnlyForDeploymentPostprocessing = 0;
		};
/* End PBXFrameworksBuildPhase section */

/* Begin PBXGroup section */
		ED209BFB2298049100B33289 = {
			isa = PBXGroup;
			children = (
				ED209C062298049100B33289 /* debuet */,
				ED209C052298049100B33289 /* Products */,
				ED209C19229879D100B33289 /* Frameworks */,
			);
			sourceTree = "<group>";
		};
		ED209C052298049100B33289 /* Products */ = {
			isa = PBXGroup;
			children = (
				ED209C042298049100B33289 /* debuet.app */,
			);
			name = Products;
			sourceTree = "<group>";
		};
		ED209C062298049100B33289 /* debuet */ = {
			isa = PBXGroup;
			children = (
				ED209C1C229879D100B33289 /* debuet.entitlements */,
				ED209C072298049100B33289 /* AppDelegate.swift */,
				ED209C092298049100B33289 /* ViewController.swift */,
				ED209C0B2298049100B33289 /* Main.storyboard */,
				ED209C1F2299938100B33289 /* bmiResultViewController.swift */,
				ED209C1D2299867300B33289 /* bmiRecordViewController.swift */,
				ED209C0E2298049700B33289 /* Assets.xcassets */,
				ED209C102298049700B33289 /* LaunchScreen.storyboard */,
				ED209C132298049700B33289 /* Info.plist */,
			);
			path = debuet;
			sourceTree = "<group>";
		};
		ED209C19229879D100B33289 /* Frameworks */ = {
			isa = PBXGroup;
			children = (
			);
			name = Frameworks;
			sourceTree = "<group>";
		};
/* End PBXGroup section */

/* Begin PBXNativeTarget section */
		ED209C032298049100B33289 /* debuet */ = {
			isa = PBXNativeTarget;
			buildConfigurationList = ED209C162298049700B33289 /* Build configuration list for PBXNativeTarget "debuet" */;
			buildPhases = (
				ED209C002298049100B33289 /* Sources */,
				ED209C012298049100B33289 /* Frameworks */,
				ED209C022298049100B33289 /* Resources */,
			);
			buildRules = (
			);
			dependencies = (
			);
			name = debuet;
			productName = debuet;
			productReference = ED209C042298049100B33289 /* debuet.app */;
			productType = "com.apple.product-type.application";
		};
/* End PBXNativeTarget section */

/* Begin PBXProject section */
		ED209BFC2298049100B33289 /* Project object */ = {
			isa = PBXProject;
			attributes = {
				LastSwiftUpdateCheck = 1020;
				LastUpgradeCheck = 1020;
				ORGANIZATIONNAME = ShunsukeKatahira;
				TargetAttributes = {
					ED209C032298049100B33289 = {
						CreatedOnToolsVersion = 10.2.1;
						SystemCapabilities = {
							com.apple.HealthKit = {
								enabled = 0;
							};
						};
					};
				};
			};
			buildConfigurationList = ED209BFF2298049100B33289 /* Build configuration list for PBXProject "debuet" */;
			compatibilityVersion = "Xcode 9.3";
			developmentRegion = en;
			hasScannedForEncodings = 0;
			knownRegions = (
				en,
				Base,
			);
			mainGroup = ED209BFB2298049100B33289;
			productRefGroup = ED209C052298049100B33289 /* Products */;
			projectDirPath = "";
			projectRoot = "";
			targets = (
				ED209C032298049100B33289 /* debuet */,
			);
		};
/* End PBXProject section */

/* Begin PBXResourcesBuildPhase section */
		ED209C022298049100B33289 /* Resources */ = {
			isa = PBXResourcesBuildPhase;
			buildActionMask = 2147483647;
			files = (
				ED209C122298049700B33289 /* LaunchScreen.storyboard in Resources */,
				ED209C0F2298049700B33289 /* Assets.xcassets in Resources */,
				ED209C0D2298049100B33289 /* Main.storyboard in Resources */,
			);
			runOnlyForDeploymentPostprocessing = 0;
		};
/* End PBXResourcesBuildPhase section */

/* Begin PBXSourcesBuildPhase section */
		ED209C002298049100B33289 /* Sources */ = {
			isa = PBXSourcesBuildPhase;
			buildActionMask = 2147483647;
			files = (
				ED209C1E2299867300B33289 /* bmiRecordViewController.swift in Sources */,
				ED209C0A2298049100B33289 /* ViewController.swift in Sources */,
				ED209C202299938100B33289 /* bmiResultViewController.swift in Sources */,
				ED209C082298049100B33289 /* AppDelegate.swift in Sources */,
			);
			runOnlyForDeploymentPostprocessing = 0;
		};
/* End PBXSourcesBuildPhase section */

/* Begin PBXVariantGroup section */
		ED209C0B2298049100B33289 /* Main.storyboard */ = {
			isa = PBXVariantGroup;
			children = (
				ED209C0C2298049100B33289 /* Base */,
			);
			name = Main.storyboard;
			sourceTree = "<group>";
		};
		ED209C102298049700B33289 /* LaunchScreen.storyboard */ = {
			isa = PBXVariantGroup;
			children = (
				ED209C112298049700B33289 /* Base */,
			);
			name = LaunchScreen.storyboard;
			sourceTree = "<group>";
		};
/* End PBXVariantGroup section */

/* Begin XCBuildConfiguration section */
		ED209C142298049700B33289 /* Debug */ = {
			isa = XCBuildConfiguration;
			buildSettings = {
				ALWAYS_SEARCH_USER_PATHS = NO;
				CLANG_ANALYZER_NONNULL = YES;
				CLANG_ANALYZER_NUMBER_OBJECT_CONVERSION = YES_AGGRESSIVE;
				CLANG_CXX_LANGUAGE_STANDARD = "gnu++14";
				CLANG_CXX_LIBRARY = "libc++";
				CLANG_ENABLE_MODULES = YES;
				CLANG_ENABLE_OBJC_ARC = YES;
				CLANG_ENABLE_OBJC_WEAK = YES;
				CLANG_WARN_BLOCK_CAPTURE_AUTORELEASING = YES;
				CLANG_WARN_BOOL_CONVERSION = YES;
				CLANG_WARN_COMMA = YES;
				CLANG_WARN_CONSTANT_CONVERSION = YES;
				CLANG_WARN_DEPRECATED_OBJC_IMPLEMENTATIONS = YES;
				CLANG_WARN_DIRECT_OBJC_ISA_USAGE = YES_ERROR;
				CLANG_WARN_DOCUMENTATION_COMMENTS = YES;
				CLANG_WARN_EMPTY_BODY = YES;
				CLANG_WARN_ENUM_CONVERSION = YES;
				CLANG_WARN_INFINITE_RECURSION = YES;
				CLANG_WARN_INT_CONVERSION = YES;
				CLANG_WARN_NON_LITERAL_NULL_CONVERSION = YES;
				CLANG_WARN_OBJC_IMPLICIT_RETAIN_SELF = YES;
				CLANG_WARN_OBJC_LITERAL_CONVERSION = YES;
				CLANG_WARN_OBJC_ROOT_CLASS = YES_ERROR;
				CLANG_WARN_RANGE_LOOP_ANALYSIS = YES;
				CLANG_WARN_STRICT_PROTOTYPES = YES;
				CLANG_WARN_SUSPICIOUS_MOVE = YES;
				CLANG_WARN_UNGUARDED_AVAILABILITY = YES_AGGRESSIVE;
				CLANG_WARN_UNREACHABLE_CODE = YES;
				CLANG_WARN__DUPLICATE_METHOD_MATCH = YES;
				CODE_SIGN_IDENTITY = "iPhone Developer";
				COPY_PHASE_STRIP = NO;
				DEBUG_INFORMATION_FORMAT = dwarf;
				ENABLE_STRICT_OBJC_MSGSEND = YES;
				ENABLE_TESTABILITY = YES;
				GCC_C_LANGUAGE_STANDARD = gnu11;
				GCC_DYNAMIC_NO_PIC = NO;
				GCC_NO_COMMON_BLOCKS = YES;
				GCC_OPTIMIZATION_LEVEL = 0;
				GCC_PREPROCESSOR_DEFINITIONS = (
					"DEBUG=1",
					"$(inherited)",
				);
				GCC_WARN_64_TO_32_BIT_CONVERSION = YES;
				GCC_WARN_ABOUT_RETURN_TYPE = YES_ERROR;
				GCC_WARN_UNDECLARED_SELECTOR = YES;
				GCC_WARN_UNINITIALIZED_AUTOS = YES_AGGRESSIVE;
				GCC_WARN_UNUSED_FUNCTION = YES;
				GCC_WARN_UNUSED_VARIABLE = YES;
				IPHONEOS_DEPLOYMENT_TARGET = 12.2;
				MTL_ENABLE_DEBUG_INFO = INCLUDE_SOURCE;
				MTL_FAST_MATH = YES;
				ONLY_ACTIVE_ARCH = YES;
				SDKROOT = iphoneos;
				SWIFT_ACTIVE_COMPILATION_CONDITIONS = DEBUG;
				SWIFT_OPTIMIZATION_LEVEL = "-Onone";
			};
			name = Debug;
		};
		ED209C152298049700B33289 /* Release */ = {
			isa = XCBuildConfiguration;
			buildSettings = {
				ALWAYS_SEARCH_USER_PATHS = NO;
				CLANG_ANALYZER_NONNULL = YES;
				CLANG_ANALYZER_NUMBER_OBJECT_CONVERSION = YES_AGGRESSIVE;
				CLANG_CXX_LANGUAGE_STANDARD = "gnu++14";
				CLANG_CXX_LIBRARY = "libc++";
				CLANG_ENABLE_MODULES = YES;
				CLANG_ENABLE_OBJC_ARC = YES;
				CLANG_ENABLE_OBJC_WEAK = YES;
				CLANG_WARN_BLOCK_CAPTURE_AUTORELEASING = YES;
				CLANG_WARN_BOOL_CONVERSION = YES;
				CLANG_WARN_COMMA = YES;
				CLANG_WARN_CONSTANT_CONVERSION = YES;
				CLANG_WARN_DEPRECATED_OBJC_IMPLEMENTATIONS = YES;
				CLANG_WARN_DIRECT_OBJC_ISA_USAGE = YES_ERROR;
				CLANG_WARN_DOCUMENTATION_COMMENTS = YES;
				CLANG_WARN_EMPTY_BODY = YES;
				CLANG_WARN_ENUM_CONVERSION = YES;
				CLANG_WARN_INFINITE_RECURSION = YES;
				CLANG_WARN_INT_CONVERSION = YES;
				CLANG_WARN_NON_LITERAL_NULL_CONVERSION = YES;
				CLANG_WARN_OBJC_IMPLICIT_RETAIN_SELF = YES;
				CLANG_WARN_OBJC_LITERAL_CONVERSION = YES;
				CLANG_WARN_OBJC_ROOT_CLASS = YES_ERROR;
				CLANG_WARN_RANGE_LOOP_ANALYSIS = YES;
				CLANG_WARN_STRICT_PROTOTYPES = YES;
				CLANG_WARN_SUSPICIOUS_MOVE = YES;
				CLANG_WARN_UNGUARDED_AVAILABILITY = YES_AGGRESSIVE;
				CLANG_WARN_UNREACHABLE_CODE = YES;
				CLANG_WARN__DUPLICATE_METHOD_MATCH = YES;
				CODE_SIGN_IDENTITY = "iPhone Developer";
				COPY_PHASE_STRIP = NO;
				DEBUG_INFORMATION_FORMAT = "dwarf-with-dsym";
				ENABLE_NS_ASSERTIONS = NO;
				ENABLE_STRICT_OBJC_MSGSEND = YES;
				GCC_C_LANGUAGE_STANDARD = gnu11;
				GCC_NO_COMMON_BLOCKS = YES;
				GCC_WARN_64_TO_32_BIT_CONVERSION = YES;
				GCC_WARN_ABOUT_RETURN_TYPE = YES_ERROR;
				GCC_WARN_UNDECLARED_SELECTOR = YES;
				GCC_WARN_UNINITIALIZED_AUTOS = YES_AGGRESSIVE;
				GCC_WARN_UNUSED_FUNCTION = YES;
				GCC_WARN_UNUSED_VARIABLE = YES;
				IPHONEOS_DEPLOYMENT_TARGET = 12.2;
				MTL_ENABLE_DEBUG_INFO = NO;
				MTL_FAST_MATH = YES;
				SDKROOT = iphoneos;
				SWIFT_COMPILATION_MODE = wholemodule;
				SWIFT_OPTIMIZATION_LEVEL = "-O";
				VALIDATE_PRODUCT = YES;
			};
			name = Release;
		};
		ED209C172298049700B33289 /* Debug */ = {
			isa = XCBuildConfiguration;
			buildSettings = {
				ASSETCATALOG_COMPILER_APPICON_NAME = AppIcon;
				CODE_SIGN_STYLE = Automatic;
				DEVELOPMENT_TEAM = VX8DA6RUQ3;
				INFOPLIST_FILE = debuet/Info.plist;
				LD_RUNPATH_SEARCH_PATHS = (
					"$(inherited)",
					"@executable_path/Frameworks",
				);
				PRODUCT_BUNDLE_IDENTIFIER = com.skatahira.debuet;
				PRODUCT_NAME = "$(TARGET_NAME)";
				SWIFT_VERSION = 5.0;
				TARGETED_DEVICE_FAMILY = "1,2";
			};
			name = Debug;
		};
		ED209C182298049700B33289 /* Release */ = {
			isa = XCBuildConfiguration;
			buildSettings = {
				ASSETCATALOG_COMPILER_APPICON_NAME = AppIcon;
				CODE_SIGN_STYLE = Automatic;
				DEVELOPMENT_TEAM = VX8DA6RUQ3;
				INFOPLIST_FILE = debuet/Info.plist;
				LD_RUNPATH_SEARCH_PATHS = (
					"$(inherited)",
					"@executable_path/Frameworks",
				);
				PRODUCT_BUNDLE_IDENTIFIER = com.skatahira.debuet;
				PRODUCT_NAME = "$(TARGET_NAME)";
				SWIFT_VERSION = 5.0;
				TARGETED_DEVICE_FAMILY = "1,2";
			};
			name = Release;
		};
/* End XCBuildConfiguration section */

/* Begin XCConfigurationList section */
		ED209BFF2298049100B33289 /* Build configuration list for PBXProject "debuet" */ = {
			isa = XCConfigurationList;
			buildConfigurations = (
				ED209C142298049700B33289 /* Debug */,
				ED209C152298049700B33289 /* Release */,
			);
			defaultConfigurationIsVisible = 0;
			defaultConfigurationName = Release;
		};
		ED209C162298049700B33289 /* Build configuration list for PBXNativeTarget "debuet" */ = {
			isa = XCConfigurationList;
			buildConfigurations = (
				ED209C172298049700B33289 /* Debug */,
				ED209C182298049700B33289 /* Release */,
			);
			defaultConfigurationIsVisible = 0;
			defaultConfigurationName = Release;
		};
/* End XCConfigurationList section */
	};
	rootObject = ED209BFC2298049100B33289 /* Project object */;
}
